<Project xmlns="http://schemas.microsoft.com/developer/msbuild/2003">
    <PropertyGroup>
        <ProjectGuid>{62C7D2E0-549B-48F5-80E5-95D83273FB2D}</ProjectGuid>
        <ProjectVersion>18.4</ProjectVersion>
        <FrameworkType>None</FrameworkType>
        <Base>True</Base>
        <Config Condition="'$(Config)'==''">Debug</Config>
        <Platform Condition="'$(Platform)'==''">Win32</Platform>
        <TargetedPlatforms>3</TargetedPlatforms>
        <AppType>Console</AppType>
        <MainSource>AutoMapperTests.dpr</MainSource>
    </PropertyGroup>
    <PropertyGroup Condition="'$(Config)'=='Base' or '$(Base)'!=''">
        <Base>true</Base>
    </PropertyGroup>
    <PropertyGroup Condition="('$(Platform)'=='OSX32' and '$(Base)'=='true') or '$(Base_OSX32)'!=''">
        <Base_OSX32>true</Base_OSX32>
        <CfgParent>Base</CfgParent>
        <Base>true</Base>
    </PropertyGroup>
    <PropertyGroup Condition="('$(Platform)'=='Win32' and '$(Base)'=='true') or '$(Base_Win32)'!=''">
        <Base_Win32>true</Base_Win32>
        <CfgParent>Base</CfgParent>
        <Base>true</Base>
    </PropertyGroup>
    <PropertyGroup Condition="('$(Platform)'=='Win64' and '$(Base)'=='true') or '$(Base_Win64)'!=''">
        <Base_Win64>true</Base_Win64>
        <CfgParent>Base</CfgParent>
        <Base>true</Base>
    </PropertyGroup>
    <PropertyGroup Condition="'$(Config)'=='Debug' or '$(Cfg_1)'!=''">
        <Cfg_1>true</Cfg_1>
        <CfgParent>Base</CfgParent>
        <Base>true</Base>
    </PropertyGroup>
    <PropertyGroup Condition="('$(Platform)'=='Win32' and '$(Cfg_1)'=='true') or '$(Cfg_1_Win32)'!=''">
        <Cfg_1_Win32>true</Cfg_1_Win32>
        <CfgParent>Cfg_1</CfgParent>
        <Cfg_1>true</Cfg_1>
        <Base>true</Base>
    </PropertyGroup>
    <PropertyGroup Condition="'$(Config)'=='Release' or '$(Cfg_2)'!=''">
        <Cfg_2>true</Cfg_2>
        <CfgParent>Base</CfgParent>
        <Base>true</Base>
    </PropertyGroup>
    <PropertyGroup Condition="'$(Base)'!=''">
        <DCC_DcuOutput>..\Instance\$(Platform)\$(Config)\DCU</DCC_DcuOutput>
        <DCC_ExeOutput>..\Instance\$(Platform)\$(Config)</DCC_ExeOutput>
        <DCC_E>false</DCC_E>
        <DCC_N>false</DCC_N>
        <DCC_S>false</DCC_S>
        <DCC_F>false</DCC_F>
        <DCC_K>false</DCC_K>
        <DCC_UsePackage>RESTBackendComponents;CloudService;soaprtl;soapmidas;RESTComponents;emsclientfiredac;DataSnapFireDAC;FireDACIBDriver;emsclient;FireDACCommon;soapserver;FireDACCommonDriver;inet;FireDAC;FireDACSqliteDriver;$(DCC_UsePackage)</DCC_UsePackage>
        <DCC_Namespace>System;Xml;Data;Datasnap;Web;Soap;Vcl;Vcl.Imaging;Vcl.Touch;Vcl.Samples;Vcl.Shell;$(DCC_Namespace)</DCC_Namespace>
        <DCC_UnitSearchPath>$(BDS)\Source\DUnit\src;$(DCC_UnitSearchPath)</DCC_UnitSearchPath>
        <DCC_Define>_CONSOLE_TESTRUNNER;$(DCC_Define)</DCC_Define>
        <DCC_DcpOutput>..\Instance\$(Platform)\$(Config)\DCP</DCC_DcpOutput>
        <DCC_BplOutput>..\Instance\$(Platform)\$(Config)\BPL</DCC_BplOutput>
        <VerInfo_Locale>1049</VerInfo_Locale>
        <VerInfo_Keys>CompanyName=;FileDescription=$(MSBuildProjectName);FileVersion=1.0.0.0;InternalName=;LegalCopyright=;LegalTrademarks=;OriginalFilename=;ProgramID=com.embarcadero.$(MSBuildProjectName);ProductName=$(MSBuildProjectName);ProductVersion=1.0.0.0;Comments=</VerInfo_Keys>
        <SanitizedProjectName>AutoMapperTests</SanitizedProjectName>
    </PropertyGroup>
    <PropertyGroup Condition="'$(Base_OSX32)'!=''">
        <DCC_UsePackage>DBXSqliteDriver;tethering;FireDACMSSQLDriver;FireDACDBXDriver;bindengine;FireDACMySQLDriver;DataSnapClient;bindcompdbx;IndyIPServer;IndySystem;fmxFireDAC;emshosting;FireDACTDataDriver;DbxCommonDriver;xmlrtl;DataSnapNativeClient;fmxobj;rtl;DbxClientDriver;DBXSybaseASADriver;IndyIPClient;FireDACODBCDriver;DataSnapIndy10ServerTransport;DataSnapProviderClient;FireDACMongoDBDriver;DataSnapServerMidas;DBXInterBaseDriver;bindcompfmx;DBXOracleDriver;inetdb;emsedge;fmx;fmxdae;dbexpress;IndyCore;dsnap;DataSnapCommon;FireDACOracleDriver;DBXMySQLDriver;DBXFirebirdDriver;FireDACCommonODBC;IndyIPCommon;FireDACPgDriver;ibmonitor;FireDACASADriver;ibxpress;DataSnapServer;ibxbindings;FireDACDSDriver;CustomIPTransport;bindcomp;DBXInformixDriver;dbxcds;dsnapxml;dbrtl;inetdbxpress;IndyProtocols;fmxase;$(DCC_UsePackage)</DCC_UsePackage>
    </PropertyGroup>
    <PropertyGroup Condition="'$(Base_Win32)'!=''">
        <DCC_UsePackage>DBXSqliteDriver;dxPSPrVwRibbonRS25;dxRibbonCustomizationFormRS25;DBXDb2Driver;dxSkinOffice2007PinkRS25;dxSkinMcSkinRS25;vclactnband;vclFireDAC;cxExportRS25;dxHttpIndyRequestRS25;tethering;dxPScxCommonRS25;EhLibIBXDataDrivers250;editors;FireDACADSDriver;cxPivotGridOLAPRS25;FireDACMSSQLDriver;cxSchedulerGridRS25;vcltouch;dxSkinDarkRoomRS25;dxSkinDarkSideRS25;vcldb;Intraweb;svn;dxGaugeControlRS25;cxLibraryRS25;dxSkinOffice2007SilverRS25;dxSkinscxSchedulerPainterRS25;dxSkinBlackRS25;vclib;dxSkinOffice2007BlueRS25;mspr;dxSkinOffice2007BlackRS25;FireDACDBXDriver;Tee925;dxSkinVS2010RS25;vclx;dxSkinFoggyRS25;dbparsedit;dxSpreadSheetConditionalFormattingDialogsRS25;dxSkinSevenRS25;TeeWorld925;TeeTree2D25Tee9;dxTileControlRS25;dxMapControlRS25;dxSkinSpringTimeRS25;dxPDFViewerRS25;dxDockingRS25;VCLRESTComponents;NetSharingManager;dxSkinsdxNavBarPainterRS25;cxPageControlRS25;dxSkinLilianRS25;dxPSLnksRS25;dxWizardControlRS25;dxRichEditControlRS25;vclie;fs25;bindengine;dxFireDACServerModeRS25;FireDACMySQLDriver;dxSkinOffice2013LightGrayRS25;dxSkinMetropolisRS25;DataSnapClient;dxPSdxPDFViewerLnkRS25;dxSkinOffice2016DarkRS25;bindcompdbx;dxSkinBlueprintRS25;dxSkinStardustRS25;DBXSybaseASEDriver;IndyIPServer;dxPSdxLCLnkRS25;IndySystem;dxSkinOffice2007GreenRS25;dsnapcon;dxLayoutControlRS25;dxPSRichEditControlLnkRS25;FireDACMSAccDriver;fmxFireDAC;FireDACInfxDriver;vclimg;fsADO25;TeeMaker125;dxdbtrRS25;dxPScxTLLnkRS25;spr;emshosting;dxSpreadSheetRS25;dxSkinVisualStudio2013LightRS25;frxADO25;DBXOdbcDriver;FireDACTDataDriver;cxGridRS25;dxPScxSchedulerLnkRS25;dxSkinTheAsphaltWorldRS25;DbxCommonDriver;CodeSiteLoggingPkg;dxorgcRS25;frxFD25;dxSkinHighContrastRS25;xmlrtl;DataSnapNativeClient;fmxobj;dxPScxGridLnkRS25;frx25;rtl;DbxClientDriver;DBXSybaseASADriver;dxPSCoreRS25;dxmdsRS25;dxSkinOffice2016ColorfulRS25;fsDB25;appanalytics;IndyIPClient;bindcompvcl;dxSkinscxPCPainterRS25;dxThemeRS25;FMXTee925;VclSmp;FireDACODBCDriver;DataSnapIndy10ServerTransport;DataSnapProviderClient;frxIBX25;FireDACMongoDBDriver;cxVerticalGridRS25;dxtrmdRS25;RtmRxCtl250;EhLibDBXDataDrivers250;EhLib250;cb;dxADOServerModeRS25;dxSkinPumpkinRS25;DataSnapServerMidas;dxCoreRS25;cxSchedulerTreeBrowserRS25;FMXTeeImport925;DBXInterBaseDriver;TeeDB925;dxSkinValentineRS25;ZComponent;ZCore;ComponentX;dxSkinOffice2010BlueRS25;svnui;dxSkinMoneyTwinsRS25;MSNPopup;frxe25;dxSkinSilverRS25;DBXMSSQLDriver;dxPSdxFCLnkRS25;DatasnapConnectorsFreePascal;dxSkinOffice2013WhiteRS25;bindcompfmx;DBXOracleDriver;fsIBX25;FMXTeePro925;inetdb;TeeImport925;dxOfficeCoreRS25;emsedge;fmx;fmxdae;dxSkinBlueRS25;dxTabbedMDIRS25;dxBarDBNavRS25;dxPScxPivotGridLnkRS25;frxDB25;frxTee25;dxSkinDevExpressDarkStyleRS25;FMXTeeLanguage925;dbexpress;IndyCore;FMXTeeDB925;dxFlowChartRS25;dxSkinsdxDLPainterRS25;ZParseSql;dsnap;DataSnapCommon;fsTee25;dxBarRS25;dxSkinLiquidSkyRS25;dxdborRS25;DataSnapConnectors;dxPScxExtCommonRS25;cxPivotGridRS25;dxPSdxSpreadSheetLnkRS25;dxSpreadSheetReportDesignerRS25;dxNavBarRS25;cxSchedulerRibbonStyleEventEditorRS25;dxSkinCoffeeRS25;FireDACOracleDriver;DBXMySQLDriver;DBXFirebirdDriver;FireDACCommonODBC;dxSkinOffice2010SilverRS25;cxTreeListRS25;dxSkinsdxBarPainterRS25;IndyIPCommon;dxSkinLondonLiquidSkyRS25;vcl;dxPScxVGridLnkRS25;PKIECtrl25;dxBarExtItemsRS25;TeeUI925;dxComnRS25;FireDACDb2Driver;dxSkinsCoreRS25;dxSkinWhiteprintRS25;dxPSdxDBTVLnkRS25;FmxTeeUI925;dxSkinVisualStudio2013BlueRS25;dxSkinGlassOceansRS25;dxSkinMetropolisDarkRS25;dxSkinOffice2013DarkGrayRS25;dxSkinSharpPlusRS25;ZDbc;EhLibADODataDrivers250;dxSkinCaramelRS25;dxServerModeRS25;dxPScxPCProdRS25;frFelix;TeeGL925;FireDACPgDriver;ibmonitor;FireDACASADriver;TeePro925;cxEditorsRS25;dxSkiniMaginaryRS25;ibxpress;CodeSiteDBToolsPkg;DataSnapServer;ibxbindings;dxPsPrVwAdvRS25;vclwinx;FireDACDSDriver;dxSkinSevenClassicRS25;cxDataRS25;cxTreeListdxBarPopupMenuRS25;CustomIPTransport;vcldsnap;dxPSdxOCLnkRS25;dxSkinSharpRS25;RtmRxDB250;bindcomp;FMXTree25;ZPlain;DBXInformixDriver;cxPivotGridChartRS25;cxSchedulerRS25;dxBarExtDBItemsRS25;dxSkinVisualStudio2013DarkRS25;dxSkinOffice2010BlackRS25;frxDBX25;dxDBXServerModeRS25;dxSkinDevExpressStyleRS25;dxGDIPlusRS25;dxPSdxGaugeControlLnkRS25;dxSkinsdxRibbonPainterRS25;PKIEDB25;dbxcds;adortl;TeeImage925;dxPSdxDBOCLnkRS25;TeeLanguage925;dxRibbonRS25;dsnapxml;dxSpellCheckerRS25;dbrtl;inetdbxpress;IndyProtocols;dxSkinSummer2008RS25;dxPSdxMapControlLnkRS25;dxSkinXmas2008BlueRS25;fmxase;$(DCC_UsePackage)</DCC_UsePackage>
        <DCC_Namespace>Winapi;System.Win;Data.Win;Datasnap.Win;Web.Win;Soap.Win;Xml.Win;Bde;$(DCC_Namespace)</DCC_Namespace>
        <BT_BuildType>Debug</BT_BuildType>
        <VerInfo_Keys>CompanyName=;FileDescription=$(MSBuildProjectName);FileVersion=1.0.0.0;InternalName=;LegalCopyright=;LegalTrademarks=;OriginalFilename=;ProgramID=com.embarcadero.$(MSBuildProjectName);ProductName=$(MSBuildProjectName);ProductVersion=1.0.0.0;Comments=</VerInfo_Keys>
        <VerInfo_Locale>1033</VerInfo_Locale>
    </PropertyGroup>
    <PropertyGroup Condition="'$(Base_Win64)'!=''">
        <DCC_UsePackage>DBXSqliteDriver;dxPSPrVwRibbonRS25;dxRibbonCustomizationFormRS25;DBXDb2Driver;dxSkinOffice2007PinkRS25;dxSkinMcSkinRS25;vclactnband;vclFireDAC;cxExportRS25;dxHttpIndyRequestRS25;tethering;dxPScxCommonRS25;EhLibIBXDataDrivers250;FireDACADSDriver;cxPivotGridOLAPRS25;FireDACMSSQLDriver;cxSchedulerGridRS25;vcltouch;dxSkinDarkRoomRS25;dxSkinDarkSideRS25;vcldb;Intraweb;dxGaugeControlRS25;cxLibraryRS25;dxSkinOffice2007SilverRS25;dxSkinscxSchedulerPainterRS25;dxSkinBlackRS25;vclib;dxSkinOffice2007BlueRS25;dxSkinOffice2007BlackRS25;FireDACDBXDriver;dxSkinVS2010RS25;vclx;dxSkinFoggyRS25;dxSpreadSheetConditionalFormattingDialogsRS25;dxSkinSevenRS25;dxTileControlRS25;dxMapControlRS25;dxSkinSpringTimeRS25;dxPDFViewerRS25;dxDockingRS25;VCLRESTComponents;dxSkinsdxNavBarPainterRS25;cxPageControlRS25;dxSkinLilianRS25;dxPSLnksRS25;dxWizardControlRS25;dxRichEditControlRS25;vclie;bindengine;dxFireDACServerModeRS25;FireDACMySQLDriver;dxSkinOffice2013LightGrayRS25;dxSkinMetropolisRS25;DataSnapClient;dxPSdxPDFViewerLnkRS25;dxSkinOffice2016DarkRS25;bindcompdbx;dxSkinBlueprintRS25;dxSkinStardustRS25;DBXSybaseASEDriver;IndyIPServer;dxPSdxLCLnkRS25;IndySystem;dxSkinOffice2007GreenRS25;dsnapcon;dxLayoutControlRS25;dxPSRichEditControlLnkRS25;FireDACMSAccDriver;fmxFireDAC;FireDACInfxDriver;vclimg;dxdbtrRS25;dxPScxTLLnkRS25;emshosting;dxSpreadSheetRS25;dxSkinVisualStudio2013LightRS25;DBXOdbcDriver;FireDACTDataDriver;cxGridRS25;dxPScxSchedulerLnkRS25;dxSkinTheAsphaltWorldRS25;DbxCommonDriver;dxorgcRS25;dxSkinHighContrastRS25;xmlrtl;DataSnapNativeClient;fmxobj;dxPScxGridLnkRS25;rtl;DbxClientDriver;DBXSybaseASADriver;dxPSCoreRS25;dxmdsRS25;dxSkinOffice2016ColorfulRS25;appanalytics;IndyIPClient;bindcompvcl;dxSkinscxPCPainterRS25;dxThemeRS25;VclSmp;FireDACODBCDriver;DataSnapIndy10ServerTransport;DataSnapProviderClient;FireDACMongoDBDriver;cxVerticalGridRS25;dxtrmdRS25;EhLibDBXDataDrivers250;EhLib250;dxADOServerModeRS25;dxSkinPumpkinRS25;DataSnapServerMidas;dxCoreRS25;cxSchedulerTreeBrowserRS25;DBXInterBaseDriver;dxSkinValentineRS25;ZComponent;ZCore;dxSkinOffice2010BlueRS25;dxSkinMoneyTwinsRS25;dxSkinSilverRS25;DBXMSSQLDriver;dxPSdxFCLnkRS25;DatasnapConnectorsFreePascal;dxSkinOffice2013WhiteRS25;bindcompfmx;DBXOracleDriver;inetdb;dxOfficeCoreRS25;emsedge;fmx;fmxdae;dxSkinBlueRS25;dxTabbedMDIRS25;dxBarDBNavRS25;dxPScxPivotGridLnkRS25;dxSkinDevExpressDarkStyleRS25;dbexpress;IndyCore;dxFlowChartRS25;dxSkinsdxDLPainterRS25;ZParseSql;dsnap;DataSnapCommon;dxBarRS25;dxSkinLiquidSkyRS25;dxdborRS25;DataSnapConnectors;dxPScxExtCommonRS25;cxPivotGridRS25;dxPSdxSpreadSheetLnkRS25;dxSpreadSheetReportDesignerRS25;dxNavBarRS25;cxSchedulerRibbonStyleEventEditorRS25;dxSkinCoffeeRS25;FireDACOracleDriver;DBXMySQLDriver;DBXFirebirdDriver;FireDACCommonODBC;dxSkinOffice2010SilverRS25;cxTreeListRS25;dxSkinsdxBarPainterRS25;IndyIPCommon;dxSkinLondonLiquidSkyRS25;vcl;dxPScxVGridLnkRS25;dxBarExtItemsRS25;dxComnRS25;FireDACDb2Driver;dxSkinsCoreRS25;dxSkinWhiteprintRS25;dxPSdxDBTVLnkRS25;dxSkinVisualStudio2013BlueRS25;dxSkinGlassOceansRS25;dxSkinMetropolisDarkRS25;dxSkinOffice2013DarkGrayRS25;dxSkinSharpPlusRS25;ZDbc;EhLibADODataDrivers250;dxSkinCaramelRS25;dxServerModeRS25;dxPScxPCProdRS25;FireDACPgDriver;ibmonitor;FireDACASADriver;cxEditorsRS25;dxSkiniMaginaryRS25;ibxpress;DataSnapServer;ibxbindings;dxPsPrVwAdvRS25;vclwinx;FireDACDSDriver;dxSkinSevenClassicRS25;cxDataRS25;cxTreeListdxBarPopupMenuRS25;CustomIPTransport;vcldsnap;dxPSdxOCLnkRS25;dxSkinSharpRS25;bindcomp;ZPlain;DBXInformixDriver;cxPivotGridChartRS25;cxSchedulerRS25;dxBarExtDBItemsRS25;dxSkinVisualStudio2013DarkRS25;dxSkinOffice2010BlackRS25;dxDBXServerModeRS25;dxSkinDevExpressStyleRS25;dxGDIPlusRS25;dxPSdxGaugeControlLnkRS25;dxSkinsdxRibbonPainterRS25;dbxcds;adortl;dxPSdxDBOCLnkRS25;dxRibbonRS25;dsnapxml;dxSpellCheckerRS25;dbrtl;inetdbxpress;IndyProtocols;dxSkinSummer2008RS25;dxPSdxMapControlLnkRS25;dxSkinXmas2008BlueRS25;fmxase;$(DCC_UsePackage)</DCC_UsePackage>
        <DCC_Namespace>Winapi;System.Win;Data.Win;Datasnap.Win;Web.Win;Soap.Win;Xml.Win;$(DCC_Namespace)</DCC_Namespace>
        <BT_BuildType>Debug</BT_BuildType>
        <VerInfo_Locale>1033</VerInfo_Locale>
    </PropertyGroup>
    <PropertyGroup Condition="'$(Cfg_1)'!=''">
        <DCC_Define>DEBUG;$(DCC_Define)</DCC_Define>
        <DCC_DebugDCUs>true</DCC_DebugDCUs>
        <DCC_Optimize>false</DCC_Optimize>
        <DCC_GenerateStackFrames>true</DCC_GenerateStackFrames>
        <DCC_DebugInfoInExe>true</DCC_DebugInfoInExe>
        <DCC_RemoteDebug>true</DCC_RemoteDebug>
    </PropertyGroup>
    <PropertyGroup Condition="'$(Cfg_1_Win32)'!=''">
        <DCC_RemoteDebug>false</DCC_RemoteDebug>
        <DCC_ExeOutput>..\Instance\$(Platform)\$(Config)</DCC_ExeOutput>
        <DCC_DcuOutput>..\Instance\DCU</DCC_DcuOutput>
        <DCC_BplOutput>..\Instance\BPL</DCC_BplOutput>
        <DCC_DcpOutput>..\Instance\DCU</DCC_DcpOutput>
        <VerInfo_Locale>1033</VerInfo_Locale>
        <Manifest_File>(None)</Manifest_File>
        <DCC_MinimumEnumSize>4</DCC_MinimumEnumSize>
    </PropertyGroup>
    <PropertyGroup Condition="'$(Cfg_2)'!=''">
        <DCC_LocalDebugSymbols>false</DCC_LocalDebugSymbols>
        <DCC_Define>RELEASE;$(DCC_Define)</DCC_Define>
        <DCC_SymbolReferenceInfo>0</DCC_SymbolReferenceInfo>
        <DCC_DebugInformation>0</DCC_DebugInformation>
    </PropertyGroup>
    <ItemGroup>
        <DelphiCompile Include="$(MainSource)">
            <MainSource>MainSource</MainSource>
        </DelphiCompile>
        <DCCReference Include="..\Source\AutoMapper.ConfigurationProvider.pas"/>
        <DCCReference Include="..\Source\AutoMapper.MappingExpression.pas"/>
        <DCCReference Include="..\Source\AutoMapper.Mapper.pas"/>
        <DCCReference Include="..\Source\AutoMapper.CfgMapper.pas"/>
        <DCCReference Include="..\Source\AutoMapper.MapItem.pas"/>
        <DCCReference Include="..\Source\AutoMapper.ClassPair.pas"/>
        <DCCReference Include="..\Source\AutoMapper.Exceptions.pas"/>
        <DCCReference Include="..\Source\AutoMapper.MapEngine.pas"/>
        <DCCReference Include="Test.Models.pas"/>
        <DCCReference Include="TestAutoMapper.pas"/>
        <DCCReference Include="Test.ModelsDTO.pas"/>
        <BuildConfiguration Include="Release">
            <Key>Cfg_2</Key>
            <CfgParent>Base</CfgParent>
        </BuildConfiguration>
        <BuildConfiguration Include="Base">
            <Key>Base</Key>
        </BuildConfiguration>
        <BuildConfiguration Include="Debug">
            <Key>Cfg_1</Key>
            <CfgParent>Base</CfgParent>
        </BuildConfiguration>
    </ItemGroup>
    <ProjectExtensions>
        <Borland.Personality>Delphi.Personality.12</Borland.Personality>
        <Borland.ProjectType>Application</Borland.ProjectType>
        <BorlandProject>
            <Delphi.Personality>
                <Source>
                    <Source Name="MainSource">AutoMapperTests.dpr</Source>
                </Source>
                <Excluded_Packages>
                    <Excluded_Packages Name="$(BDSBIN)\dcloffice2k250.bpl">Microsoft Office 2000 Sample Automation Server Wrapper Components</Excluded_Packages>
                    <Excluded_Packages Name="$(BDSBIN)\dclofficexp250.bpl">Microsoft Office XP Sample Automation Server Wrapper Components</Excluded_Packages>
                </Excluded_Packages>
            </Delphi.Personality>
            <Deployment Version="3">
                <DeployFile LocalName="$(BDS)\Redist\osx32\libcgunwind.1.0.dylib" Class="DependencyModule">
                    <Platform Name="OSX32">
                        <Overwrite>true</Overwrite>
                    </Platform>
                </DeployFile>
                <DeployFile LocalName="$(BDS)\Redist\iossimulator\libcgunwind.1.0.dylib" Class="DependencyModule">
                    <Platform Name="iOSSimulator">
                        <Overwrite>true</Overwrite>
                    </Platform>
                </DeployFile>
                <DeployFile LocalName="$(BDS)\Redist\iossimulator\libPCRE.dylib" Class="DependencyModule">
                    <Platform Name="iOSSimulator">
                        <Overwrite>true</Overwrite>
                    </Platform>
                </DeployFile>
                <DeployFile LocalName="..\Instance\Win32\Debug\AutoMapperTests.exe" Configuration="Debug" Class="ProjectOutput">
                    <Platform Name="Win32">
                        <RemoteName>AutoMapperTests.exe</RemoteName>
                        <Overwrite>true</Overwrite>
                    </Platform>
                </DeployFile>
                <DeployFile LocalName="$(BDS)\Redist\osx32\libcgsqlite3.dylib" Class="DependencyModule">
                    <Platform Name="OSX32">
                        <Overwrite>true</Overwrite>
                    </Platform>
                </DeployFile>
                <DeployClass Name="AdditionalDebugSymbols">
                    <Platform Name="iOSSimulator">
                        <Operation>1</Operation>
                    </Platform>
                    <Platform Name="OSX32">
                        <RemoteDir>Contents\MacOS</RemoteDir>
                        <Operation>1</Operation>
                    </Platform>
                    <Platform Name="Win32">
                        <RemoteDir>Contents\MacOS</RemoteDir>
                        <Operation>0</Operation>
                    </Platform>
                </DeployClass>
                <DeployClass Name="AndroidClassesDexFile">
                    <Platform Name="Android">
                        <RemoteDir>classes</RemoteDir>
                        <Operation>1</Operation>
                    </Platform>
                </DeployClass>
                <DeployClass Name="AndroidGDBServer">
                    <Platform Name="Android">
                        <RemoteDir>library\lib\armeabi-v7a</RemoteDir>
                        <Operation>1</Operation>
                    </Platform>
                </DeployClass>
                <DeployClass Name="AndroidLibnativeArmeabiFile">
                    <Platform Name="Android">
                        <RemoteDir>library\lib\armeabi</RemoteDir>
                        <Operation>1</Operation>
                    </Platform>
                </DeployClass>
                <DeployClass Name="AndroidLibnativeMipsFile">
                    <Platform Name="Android">
                        <RemoteDir>library\lib\mips</RemoteDir>
                        <Operation>1</Operation>
                    </Platform>
                </DeployClass>
                <DeployClass Name="AndroidServiceOutput">
                    <Platform Name="Android">
                        <RemoteDir>library\lib\armeabi-v7a</RemoteDir>
                        <Operation>1</Operation>
                    </Platform>
                </DeployClass>
                <DeployClass Name="AndroidSplashImageDef">
                    <Platform Name="Android">
                        <RemoteDir>res\drawable</RemoteDir>
                        <Operation>1</Operation>
                    </Platform>
                </DeployClass>
                <DeployClass Name="AndroidSplashStyles">
                    <Platform Name="Android">
                        <RemoteDir>res\values</RemoteDir>
                        <Operation>1</Operation>
                    </Platform>
                </DeployClass>
                <DeployClass Name="Android_DefaultAppIcon">
                    <Platform Name="Android">
                        <RemoteDir>res\drawable</RemoteDir>
                        <Operation>1</Operation>
                    </Platform>
                </DeployClass>
                <DeployClass Name="Android_LauncherIcon144">
                    <Platform Name="Android">
                        <RemoteDir>res\drawable-xxhdpi</RemoteDir>
                        <Operation>1</Operation>
                    </Platform>
                </DeployClass>
                <DeployClass Name="Android_LauncherIcon36">
                    <Platform Name="Android">
                        <RemoteDir>res\drawable-ldpi</RemoteDir>
                        <Operation>1</Operation>
                    </Platform>
                </DeployClass>
                <DeployClass Name="Android_LauncherIcon48">
                    <Platform Name="Android">
                        <RemoteDir>res\drawable-mdpi</RemoteDir>
                        <Operation>1</Operation>
                    </Platform>
                </DeployClass>
                <DeployClass Name="Android_LauncherIcon72">
                    <Platform Name="Android">
                        <RemoteDir>res\drawable-hdpi</RemoteDir>
                        <Operation>1</Operation>
                    </Platform>
                </DeployClass>
                <DeployClass Name="Android_LauncherIcon96">
                    <Platform Name="Android">
                        <RemoteDir>res\drawable-xhdpi</RemoteDir>
                        <Operation>1</Operation>
                    </Platform>
                </DeployClass>
                <DeployClass Name="Android_SplashImage426">
                    <Platform Name="Android">
                        <RemoteDir>res\drawable-small</RemoteDir>
                        <Operation>1</Operation>
                    </Platform>
                </DeployClass>
                <DeployClass Name="Android_SplashImage470">
                    <Platform Name="Android">
                        <RemoteDir>res\drawable-normal</RemoteDir>
                        <Operation>1</Operation>
                    </Platform>
                </DeployClass>
                <DeployClass Name="Android_SplashImage640">
                    <Platform Name="Android">
                        <RemoteDir>res\drawable-large</RemoteDir>
                        <Operation>1</Operation>
                    </Platform>
                </DeployClass>
                <DeployClass Name="Android_SplashImage960">
                    <Platform Name="Android">
                        <RemoteDir>res\drawable-xlarge</RemoteDir>
                        <Operation>1</Operation>
                    </Platform>
                </DeployClass>
                <DeployClass Name="DebugSymbols">
                    <Platform Name="iOSSimulator">
                        <Operation>1</Operation>
                    </Platform>
                    <Platform Name="OSX32">
                        <RemoteDir>Contents\MacOS</RemoteDir>
                        <Operation>1</Operation>
                    </Platform>
                    <Platform Name="Win32">
                        <Operation>0</Operation>
                    </Platform>
                </DeployClass>
                <DeployClass Name="DependencyFramework">
                    <Platform Name="OSX32">
                        <RemoteDir>Contents\MacOS</RemoteDir>
                        <Operation>1</Operation>
                        <Extensions>.framework</Extensions>
                    </Platform>
                    <Platform Name="Win32">
                        <Operation>0</Operation>
                    </Platform>
                </DeployClass>
                <DeployClass Name="DependencyModule">
                    <Platform Name="iOSDevice32">
                        <Operation>1</Operation>
                        <Extensions>.dylib</Extensions>
                    </Platform>
                    <Platform Name="iOSDevice64">
                        <Operation>1</Operation>
                        <Extensions>.dylib</Extensions>
                    </Platform>
                    <Platform Name="iOSSimulator">
                        <Operation>1</Operation>
                        <Extensions>.dylib</Extensions>
                    </Platform>
                    <Platform Name="OSX32">
                        <RemoteDir>Contents\MacOS</RemoteDir>
                        <Operation>1</Operation>
                        <Extensions>.dylib</Extensions>
                    </Platform>
                    <Platform Name="Win32">
                        <Operation>0</Operation>
                        <Extensions>.dll;.bpl</Extensions>
                    </Platform>
                </DeployClass>
                <DeployClass Required="true" Name="DependencyPackage">
                    <Platform Name="iOSDevice32">
                        <Operation>1</Operation>
                        <Extensions>.dylib</Extensions>
                    </Platform>
                    <Platform Name="iOSDevice64">
                        <Operation>1</Operation>
                        <Extensions>.dylib</Extensions>
                    </Platform>
                    <Platform Name="iOSSimulator">
                        <Operation>1</Operation>
                        <Extensions>.dylib</Extensions>
                    </Platform>
                    <Platform Name="OSX32">
                        <RemoteDir>Contents\MacOS</RemoteDir>
                        <Operation>1</Operation>
                        <Extensions>.dylib</Extensions>
                    </Platform>
                    <Platform Name="Win32">
                        <Operation>0</Operation>
                        <Extensions>.bpl</Extensions>
                    </Platform>
                </DeployClass>
                <DeployClass Name="File">
                    <Platform Name="Android">
                        <Operation>0</Operation>
                    </Platform>
                    <Platform Name="iOSDevice32">
                        <Operation>0</Operation>
                    </Platform>
                    <Platform Name="iOSDevice64">
                        <Operation>0</Operation>
                    </Platform>
                    <Platform Name="iOSSimulator">
                        <Operation>0</Operation>
                    </Platform>
                    <Platform Name="OSX32">
                        <RemoteDir>Contents\Resources\StartUp\</RemoteDir>
                        <Operation>0</Operation>
                    </Platform>
                    <Platform Name="Win32">
                        <Operation>0</Operation>
                    </Platform>
                </DeployClass>
                <DeployClass Name="iPad_Launch1024">
                    <Platform Name="iOSDevice32">
                        <Operation>1</Operation>
                    </Platform>
                    <Platform Name="iOSDevice64">
                        <Operation>1</Operation>
                    </Platform>
                    <Platform Name="iOSSimulator">
                        <Operation>1</Operation>
                    </Platform>
                </DeployClass>
                <DeployClass Name="iPad_Launch1536">
                    <Platform Name="iOSDevice32">
                        <Operation>1</Operation>
                    </Platform>
                    <Platform Name="iOSDevice64">
                        <Operation>1</Operation>
                    </Platform>
                    <Platform Name="iOSSimulator">
                        <Operation>1</Operation>
                    </Platform>
                </DeployClass>
                <DeployClass Name="iPad_Launch2048">
                    <Platform Name="iOSDevice32">
                        <Operation>1</Operation>
                    </Platform>
                    <Platform Name="iOSDevice64">
                        <Operation>1</Operation>
                    </Platform>
                    <Platform Name="iOSSimulator">
                        <Operation>1</Operation>
                    </Platform>
                </DeployClass>
                <DeployClass Name="iPad_Launch768">
                    <Platform Name="iOSDevice32">
                        <Operation>1</Operation>
                    </Platform>
                    <Platform Name="iOSDevice64">
                        <Operation>1</Operation>
                    </Platform>
                    <Platform Name="iOSSimulator">
                        <Operation>1</Operation>
                    </Platform>
                </DeployClass>
                <DeployClass Name="iPhone_Launch320">
                    <Platform Name="iOSDevice32">
                        <Operation>1</Operation>
                    </Platform>
                    <Platform Name="iOSDevice64">
                        <Operation>1</Operation>
                    </Platform>
                    <Platform Name="iOSSimulator">
                        <Operation>1</Operation>
                    </Platform>
                </DeployClass>
                <DeployClass Name="iPhone_Launch640">
                    <Platform Name="iOSDevice32">
                        <Operation>1</Operation>
                    </Platform>
                    <Platform Name="iOSDevice64">
                        <Operation>1</Operation>
                    </Platform>
                    <Platform Name="iOSSimulator">
                        <Operation>1</Operation>
                    </Platform>
                </DeployClass>
                <DeployClass Name="iPhone_Launch640x1136">
                    <Platform Name="iOSDevice32">
                        <Operation>1</Operation>
                    </Platform>
                    <Platform Name="iOSDevice64">
                        <Operation>1</Operation>
                    </Platform>
                    <Platform Name="iOSSimulator">
                        <Operation>1</Operation>
                    </Platform>
                </DeployClass>
                <DeployClass Name="ProjectAndroidManifest">
                    <Platform Name="Android">
                        <Operation>1</Operation>
                    </Platform>
                </DeployClass>
                <DeployClass Name="ProjectiOSDeviceDebug">
                    <Platform Name="iOSDevice32">
                        <RemoteDir>..\$(PROJECTNAME).app.dSYM\Contents\Resources\DWARF</RemoteDir>
                        <Operation>1</Operation>
                    </Platform>
                    <Platform Name="iOSDevice64">
                        <RemoteDir>..\$(PROJECTNAME).app.dSYM\Contents\Resources\DWARF</RemoteDir>
                        <Operation>1</Operation>
                    </Platform>
                </DeployClass>
                <DeployClass Name="ProjectiOSDeviceResourceRules">
                    <Platform Name="iOSDevice32">
                        <Operation>1</Operation>
                    </Platform>
                    <Platform Name="iOSDevice64">
                        <Operation>1</Operation>
                    </Platform>
                </DeployClass>
                <DeployClass Name="ProjectiOSEntitlements">
                    <Platform Name="iOSDevice32">
                        <RemoteDir>..\</RemoteDir>
                        <Operation>1</Operation>
                    </Platform>
                    <Platform Name="iOSDevice64">
                        <RemoteDir>..\</RemoteDir>
                        <Operation>1</Operation>
                    </Platform>
                </DeployClass>
                <DeployClass Name="ProjectiOSInfoPList">
                    <Platform Name="iOSDevice32">
                        <Operation>1</Operation>
                    </Platform>
                    <Platform Name="iOSDevice64">
                        <Operation>1</Operation>
                    </Platform>
                    <Platform Name="iOSSimulator">
                        <Operation>1</Operation>
                    </Platform>
                </DeployClass>
                <DeployClass Name="ProjectiOSResource">
                    <Platform Name="iOSDevice32">
                        <Operation>1</Operation>
                    </Platform>
                    <Platform Name="iOSDevice64">
                        <Operation>1</Operation>
                    </Platform>
                    <Platform Name="iOSSimulator">
                        <Operation>1</Operation>
                    </Platform>
                </DeployClass>
                <DeployClass Name="ProjectOSXEntitlements">
                    <Platform Name="OSX32">
                        <RemoteDir>..\</RemoteDir>
                        <Operation>1</Operation>
                    </Platform>
                </DeployClass>
                <DeployClass Name="ProjectOSXInfoPList">
                    <Platform Name="OSX32">
                        <RemoteDir>Contents</RemoteDir>
                        <Operation>1</Operation>
                    </Platform>
                </DeployClass>
                <DeployClass Name="ProjectOSXResource">
                    <Platform Name="OSX32">
                        <RemoteDir>Contents\Resources</RemoteDir>
                        <Operation>1</Operation>
                    </Platform>
                </DeployClass>
                <DeployClass Required="true" Name="ProjectOutput">
                    <Platform Name="Android">
                        <RemoteDir>library\lib\armeabi-v7a</RemoteDir>
                        <Operation>1</Operation>
                    </Platform>
                    <Platform Name="iOSDevice32">
                        <Operation>1</Operation>
                    </Platform>
                    <Platform Name="iOSDevice64">
                        <Operation>1</Operation>
                    </Platform>
                    <Platform Name="iOSSimulator">
                        <Operation>1</Operation>
                    </Platform>
                    <Platform Name="Linux64">
                        <Operation>1</Operation>
                    </Platform>
                    <Platform Name="OSX32">
                        <RemoteDir>Contents\MacOS</RemoteDir>
                        <Operation>1</Operation>
                    </Platform>
                    <Platform Name="Win32">
                        <Operation>0</Operation>
                    </Platform>
                </DeployClass>
                <DeployClass Name="ProjectUWPManifest">
                    <Platform Name="Win32">
                        <Operation>1</Operation>
                    </Platform>
                    <Platform Name="Win64">
                        <Operation>1</Operation>
                    </Platform>
                </DeployClass>
                <DeployClass Name="UWP_DelphiLogo150">
                    <Platform Name="Win32">
                        <RemoteDir>Assets</RemoteDir>
                        <Operation>1</Operation>
                    </Platform>
                    <Platform Name="Win64">
                        <RemoteDir>Assets</RemoteDir>
                        <Operation>1</Operation>
                    </Platform>
                </DeployClass>
                <DeployClass Name="UWP_DelphiLogo44">
                    <Platform Name="Win32">
                        <RemoteDir>Assets</RemoteDir>
                        <Operation>1</Operation>
                    </Platform>
                    <Platform Name="Win64">
                        <RemoteDir>Assets</RemoteDir>
                        <Operation>1</Operation>
                    </Platform>
                </DeployClass>
                <ProjectRoot Platform="iOSDevice64" Name="$(PROJECTNAME).app"/>
                <ProjectRoot Platform="Win64" Name="$(PROJECTNAME)"/>
                <ProjectRoot Platform="iOSDevice32" Name="$(PROJECTNAME).app"/>
                <ProjectRoot Platform="Linux64" Name="$(PROJECTNAME)"/>
                <ProjectRoot Platform="Win32" Name="$(PROJECTNAME)"/>
                <ProjectRoot Platform="OSX32" Name="$(PROJECTNAME).app"/>
                <ProjectRoot Platform="Android" Name="$(PROJECTNAME)"/>
                <ProjectRoot Platform="iOSSimulator" Name="$(PROJECTNAME).app"/>
            </Deployment>
            <Platforms>
                <Platform value="OSX32">False</Platform>
                <Platform value="Win32">True</Platform>
                <Platform value="Win64">True</Platform>
            </Platforms>
            <UnitTesting>
                <TestFramework>DUnit / Delphi Win32</TestFramework>
                <TestRunner>GUI</TestRunner>
                <SourceProjectName>D:\DEVEL\PROJECTS\AutoMapper\AutoMapper.dproj</SourceProjectName>
                <TestProjectName/>
            </UnitTesting>
        </BorlandProject>
        <ProjectFileVersion>12</ProjectFileVersion>
    </ProjectExtensions>
    <Import Project="$(BDS)\Bin\CodeGear.Delphi.Targets" Condition="Exists('$(BDS)\Bin\CodeGear.Delphi.Targets')"/>
    <Import Project="$(APPDATA)\Embarcadero\$(BDSAPPDATABASEDIR)\$(PRODUCTVERSION)\UserTools.proj" Condition="Exists('$(APPDATA)\Embarcadero\$(BDSAPPDATABASEDIR)\$(PRODUCTVERSION)\UserTools.proj')"/>
    <Import Project="$(MSBuildProjectName).deployproj" Condition="Exists('$(MSBuildProjectName).deployproj')"/>
</Project>
